results/diffexp/old-vs-young.diffexp.symbol.tsv
results/deseq2/normcounts.symbol.tsv
results/counts/all.symbol.tsv
results/qc/multiqc_report.html
results/pca.svg
results/diffexp/old-vs-young.diffexp.tsv
results/deseq2/all.rds
results/counts/all.tsv
results/star/SRR5344335-lane1/ReadsPerGene.out.tab
results/star/SRR5344350-lane1/ReadsPerGene.out.tab
SRR5344335_pass_1.fastq.gz
SRR5344335_pass_2.fastq.gz
resources/star_genome
resources/genome.fasta
resources/genome.gtf
SRR5344350_pass_1.fastq.gz
SRR5344350_pass_2.fastq.gz
resources/star_genome
results/deseq2/normcounts.tsv
results/counts/all.tsv
results/star/SRR5344335-lane1/Aligned.sortedByCoord.out.bam
results/star/SRR5344350-lane1/Aligned.sortedByCoord.out.bam
results/qc/rseqc/SRR5344335-lane1.junctionanno.junction.bed
results/qc/rseqc/SRR5344350-lane1.junctionanno.junction.bed
results/qc/rseqc/SRR5344335-lane1.junctionsat.junctionSaturation_plot.pdf
results/qc/rseqc/SRR5344350-lane1.junctionsat.junctionSaturation_plot.pdf
results/qc/rseqc/SRR5344335-lane1.infer_experiment.txt
results/qc/rseqc/SRR5344350-lane1.infer_experiment.txt
results/qc/rseqc/SRR5344335-lane1.stats.txt
results/qc/rseqc/SRR5344350-lane1.stats.txt
results/qc/rseqc/SRR5344335-lane1.inner_distance_freq.inner_distance.txt
results/qc/rseqc/SRR5344350-lane1.inner_distance_freq.inner_distance.txt
results/qc/rseqc/SRR5344335-lane1.readdistribution.txt
results/qc/rseqc/SRR5344350-lane1.readdistribution.txt
results/qc/rseqc/SRR5344335-lane1.readdup.DupRate_plot.pdf
results/qc/rseqc/SRR5344350-lane1.readdup.DupRate_plot.pdf
results/qc/rseqc/SRR5344335-lane1.readgc.GC_plot.pdf
results/qc/rseqc/SRR5344350-lane1.readgc.GC_plot.pdf
logs/rseqc/rseqc_junction_annotation/SRR5344335-lane1.log
logs/rseqc/rseqc_junction_annotation/SRR5344350-lane1.log
results/star/SRR5344335-lane1/Aligned.sortedByCoord.out.bam
results/qc/rseqc/annotation.bed
resources/genome.gtf
results/star/SRR5344350-lane1/Aligned.sortedByCoord.out.bam
results/qc/rseqc/annotation.bed
results/star/SRR5344335-lane1/Aligned.sortedByCoord.out.bam
results/qc/rseqc/annotation.bed
results/star/SRR5344350-lane1/Aligned.sortedByCoord.out.bam
results/qc/rseqc/annotation.bed
results/star/SRR5344335-lane1/Aligned.sortedByCoord.out.bam
results/qc/rseqc/annotation.bed
results/star/SRR5344350-lane1/Aligned.sortedByCoord.out.bam
results/qc/rseqc/annotation.bed
results/star/SRR5344335-lane1/Aligned.sortedByCoord.out.bam
results/star/SRR5344350-lane1/Aligned.sortedByCoord.out.bam
results/star/SRR5344335-lane1/Aligned.sortedByCoord.out.bam
results/qc/rseqc/annotation.bed
results/star/SRR5344350-lane1/Aligned.sortedByCoord.out.bam
results/qc/rseqc/annotation.bed
results/star/SRR5344335-lane1/Aligned.sortedByCoord.out.bam
results/qc/rseqc/annotation.bed
results/star/SRR5344350-lane1/Aligned.sortedByCoord.out.bam
results/qc/rseqc/annotation.bed
results/star/SRR5344335-lane1/Aligned.sortedByCoord.out.bam
results/star/SRR5344350-lane1/Aligned.sortedByCoord.out.bam
results/star/SRR5344335-lane1/Aligned.sortedByCoord.out.bam
results/star/SRR5344350-lane1/Aligned.sortedByCoord.out.bam
results/deseq2/all.rds
