results/counts/all.symbol.tsv
results/qc/rseqc/SRR5344350-lane1.infer_experiment.txt
results/qc/rseqc/SRR5344350-lane1.readdup.DupRate_plot.pdf
resources/star_genome
results/diffexp/old-vs-young.diffexp.symbol.tsv
results/qc/multiqc_report.html
results/qc/rseqc/SRR5344335-lane1.stats.txt
results/qc/rseqc/SRR5344335-lane1.readgc.GC_plot.pdf
results/star/SRR5344335-lane1/Aligned.sortedByCoord.out.bam
results/star/SRR5344335-lane1/ReadsPerGene.out.tab
results/qc/rseqc/SRR5344335-lane1.junctionanno.junction.bed
results/qc/rseqc/SRR5344350-lane1.stats.txt
results/qc/rseqc/SRR5344350-lane1.readgc.GC_plot.pdf
results/pca.svg
results/qc/rseqc/SRR5344335-lane1.inner_distance_freq.inner_distance.txt
results/qc/rseqc/annotation.bed
results/qc/rseqc/annotation.db
results/deseq2/all.rds
results/deseq2/normcounts.tsv
results/qc/rseqc/SRR5344350-lane1.junctionanno.junction.bed
results/qc/rseqc/SRR5344350-lane1.inner_distance_freq.inner_distance.txt
resources/genome.fasta
results/deseq2/normcounts.symbol.tsv
results/counts/all.tsv
results/qc/rseqc/SRR5344335-lane1.junctionsat.junctionSaturation_plot.pdf
results/qc/rseqc/SRR5344335-lane1.readdistribution.txt
results/diffexp/old-vs-young.diffexp.tsv
results/diffexp/old-vs-young.ma-plot.svg
results/qc/rseqc/SRR5344350-lane1.junctionsat.junctionSaturation_plot.pdf
results/qc/rseqc/SRR5344350-lane1.readdistribution.txt
results/star/SRR5344350-lane1/Aligned.sortedByCoord.out.bam
results/star/SRR5344350-lane1/ReadsPerGene.out.tab
results/qc/rseqc/SRR5344335-lane1.infer_experiment.txt
results/qc/rseqc/SRR5344335-lane1.readdup.DupRate_plot.pdf
resources/genome.gtf
